
Microsoft Visual Studio Solution File, Format Version 12.00
# Visual Studio Version 17
VisualStudioVersion = 17.5.33530.505
MinimumVisualStudioVersion = 10.0.40219.1
Project("{FAE04EC0-301F-11D3-BF4B-00C04F79EFBC}") = "HealthCardApi", "HealthCardApi\HealthCardApi.csproj", "{D939A6EF-8566-429E-99A4-D0847A10A16B}"
EndProject
Global
	GlobalSection(SolutionConfigurationPlatforms) = preSolution
		Debug|Any CPU = Debug|Any CPU
		Release|Any CPU = Release|Any CPU
	EndGlobalSection
	GlobalSection(ProjectConfigurationPlatforms) = postSolution
		{D939A6EF-8566-429E-99A4-D0847A10A16B}.Debug|Any CPU.ActiveCfg = Debug|Any CPU
		{D939A6EF-8566-429E-99A4-D0847A10A16B}.Debug|Any CPU.Build.0 = Debug|Any CPU
		{D939A6EF-8566-429E-99A4-D0847A10A16B}.Release|Any CPU.ActiveCfg = Release|Any CPU
		{D939A6EF-8566-429E-99A4-D0847A10A16B}.Release|Any CPU.Build.0 = Release|Any CPU
	EndGlobalSection
	GlobalSection(SolutionProperties) = preSolution
		HideSolutionNode = FALSE
	EndGlobalSection
	GlobalSection(ExtensibilityGlobals) = postSolution
		SolutionGuid = {D352E571-8E62-42D3-86FF-703E51DAC7E2}
	EndGlobalSection
EndGlobal
